
Microsoft Visual Studio Solution File, Format Version 12.00
# Visual Studio 14
VisualStudioVersion = 14.0.25420.1
MinimumVisualStudioVersion = 10.0.40219.1
Project("{F184B08F-C81C-45F6-A57F-5ABD9991F28F}") = "Animated Graphics", "Animated Graphics\Animated Graphics.vbproj", "{683B9D3D-E6CE-4E2E-8CBD-8DCAF6E5FDAA}"
EndProject
Global
	GlobalSection(SolutionConfigurationPlatforms) = preSolution
		Debug|Any CPU = Debug|Any CPU
		Release|Any CPU = Release|Any CPU
	EndGlobalSection
	GlobalSection(ProjectConfigurationPlatforms) = postSolution
		{683B9D3D-E6CE-4E2E-8CBD-8DCAF6E5FDAA}.Debug|Any CPU.ActiveCfg = Debug|Any CPU
		{683B9D3D-E6CE-4E2E-8CBD-8DCAF6E5FDAA}.Debug|Any CPU.Build.0 = Debug|Any CPU
		{683B9D3D-E6CE-4E2E-8CBD-8DCAF6E5FDAA}.Release|Any CPU.ActiveCfg = Release|Any CPU
		{683B9D3D-E6CE-4E2E-8CBD-8DCAF6E5FDAA}.Release|Any CPU.Build.0 = Release|Any CPU
	EndGlobalSection
	GlobalSection(SolutionProperties) = preSolution
		HideSolutionNode = FALSE
	EndGlobalSection
EndGlobal
